
Microsoft Visual Studio Solution File, Format Version 12.00
# Visual Studio Version 17
VisualStudioVersion = 17.10.35013.160
MinimumVisualStudioVersion = 10.0.40219.1
Project("{FAE04EC0-301F-11D3-BF4B-00C04F79EFBC}") = "OnlineStore", "OnlineStore\OnlineStore.csproj", "{25FE29AE-EED4-4FBD-AB64-0990D4396707}"
EndProject
Global
	GlobalSection(SolutionConfigurationPlatforms) = preSolution
		Debug|Any CPU = Debug|Any CPU
		Release|Any CPU = Release|Any CPU
	EndGlobalSection
	GlobalSection(ProjectConfigurationPlatforms) = postSolution
		{25FE29AE-EED4-4FBD-AB64-0990D4396707}.Debug|Any CPU.ActiveCfg = Debug|Any CPU
		{25FE29AE-EED4-4FBD-AB64-0990D4396707}.Debug|Any CPU.Build.0 = Debug|Any CPU
		{25FE29AE-EED4-4FBD-AB64-0990D4396707}.Release|Any CPU.ActiveCfg = Release|Any CPU
		{25FE29AE-EED4-4FBD-AB64-0990D4396707}.Release|Any CPU.Build.0 = Release|Any CPU
	EndGlobalSection
	GlobalSection(SolutionProperties) = preSolution
		HideSolutionNode = FALSE
	EndGlobalSection
	GlobalSection(ExtensibilityGlobals) = postSolution
		SolutionGuid = {FA3ED2AA-7556-4979-912F-04EEBBC5EB31}
	EndGlobalSection
EndGlobal
